
Microsoft Visual Studio Solution File, Format Version 12.00
# Visual Studio Version 16
VisualStudioVersion = 16.0.29020.237
MinimumVisualStudioVersion = 10.0.40219.1
Project("{FAE04EC0-301F-11D3-BF4B-00C04F79EFBC}") = "Api.Application", "src\Api.Application\Api.Application.csproj", "{9ACA5303-A528-4372-92EC-17C185D468E5}"
EndProject
Project("{FAE04EC0-301F-11D3-BF4B-00C04F79EFBC}") = "Api.Domain", "src\Api.Domain\Api.Domain.csproj", "{A137EA42-3BAD-4892-85B3-C8F9B9A6F279}"
EndProject
Project("{FAE04EC0-301F-11D3-BF4B-00C04F79EFBC}") = "Api.CrossCutting", "src\Api.CrossCutting\Api.CrossCutting.csproj", "{57B2380C-9BD5-42F2-9D0B-1244D2339DF0}"
EndProject
Project("{FAE04EC0-301F-11D3-BF4B-00C04F79EFBC}") = "Api.Data", "src\Api.Data\Api.Data.csproj", "{5A668557-8FFB-403A-B463-1760DCF46B2A}"
EndProject
Project("{FAE04EC0-301F-11D3-BF4B-00C04F79EFBC}") = "Api.Service", "src\Api.Service\Api.Service.csproj", "{52F9FC26-2A36-4421-AC8C-BAEFC3E2AF01}"
EndProject
Global
	GlobalSection(SolutionConfigurationPlatforms) = preSolution
		Debug|Any CPU = Debug|Any CPU
		Release|Any CPU = Release|Any CPU
	EndGlobalSection
	GlobalSection(ProjectConfigurationPlatforms) = postSolution
		{9ACA5303-A528-4372-92EC-17C185D468E5}.Debug|Any CPU.ActiveCfg = Debug|Any CPU
		{9ACA5303-A528-4372-92EC-17C185D468E5}.Debug|Any CPU.Build.0 = Debug|Any CPU
		{9ACA5303-A528-4372-92EC-17C185D468E5}.Release|Any CPU.ActiveCfg = Release|Any CPU
		{9ACA5303-A528-4372-92EC-17C185D468E5}.Release|Any CPU.Build.0 = Release|Any CPU
		{A137EA42-3BAD-4892-85B3-C8F9B9A6F279}.Debug|Any CPU.ActiveCfg = Debug|Any CPU
		{A137EA42-3BAD-4892-85B3-C8F9B9A6F279}.Debug|Any CPU.Build.0 = Debug|Any CPU
		{A137EA42-3BAD-4892-85B3-C8F9B9A6F279}.Release|Any CPU.ActiveCfg = Release|Any CPU
		{A137EA42-3BAD-4892-85B3-C8F9B9A6F279}.Release|Any CPU.Build.0 = Release|Any CPU
		{57B2380C-9BD5-42F2-9D0B-1244D2339DF0}.Debug|Any CPU.ActiveCfg = Debug|Any CPU
		{57B2380C-9BD5-42F2-9D0B-1244D2339DF0}.Debug|Any CPU.Build.0 = Debug|Any CPU
		{57B2380C-9BD5-42F2-9D0B-1244D2339DF0}.Release|Any CPU.ActiveCfg = Release|Any CPU
		{57B2380C-9BD5-42F2-9D0B-1244D2339DF0}.Release|Any CPU.Build.0 = Release|Any CPU
		{5A668557-8FFB-403A-B463-1760DCF46B2A}.Debug|Any CPU.ActiveCfg = Debug|Any CPU
		{5A668557-8FFB-403A-B463-1760DCF46B2A}.Debug|Any CPU.Build.0 = Debug|Any CPU
		{5A668557-8FFB-403A-B463-1760DCF46B2A}.Release|Any CPU.ActiveCfg = Release|Any CPU
		{5A668557-8FFB-403A-B463-1760DCF46B2A}.Release|Any CPU.Build.0 = Release|Any CPU
		{52F9FC26-2A36-4421-AC8C-BAEFC3E2AF01}.Debug|Any CPU.ActiveCfg = Debug|Any CPU
		{52F9FC26-2A36-4421-AC8C-BAEFC3E2AF01}.Debug|Any CPU.Build.0 = Debug|Any CPU
		{52F9FC26-2A36-4421-AC8C-BAEFC3E2AF01}.Release|Any CPU.ActiveCfg = Release|Any CPU
		{52F9FC26-2A36-4421-AC8C-BAEFC3E2AF01}.Release|Any CPU.Build.0 = Release|Any CPU
	EndGlobalSection
	GlobalSection(SolutionProperties) = preSolution
		HideSolutionNode = FALSE
	EndGlobalSection
	GlobalSection(ExtensibilityGlobals) = postSolution
		SolutionGuid = {D48D7680-56EC-4E18-9D9B-6C40AA2F5F8F}
	EndGlobalSection
EndGlobal
